
Microsoft Visual Studio Solution File, Format Version 12.00
# Visual Studio Version 17
VisualStudioVersion = 17.7.34202.233
MinimumVisualStudioVersion = 10.0.40219.1
Project("{FAE04EC0-301F-11D3-BF4B-00C04F79EFBC}") = "WindowsFormsApp1", "WindowsFormsApp1\WindowsFormsApp1.csproj", "{610DB75A-836C-4A95-8058-00A51C299376}"
EndProject
Global
	GlobalSection(SolutionConfigurationPlatforms) = preSolution
		Debug|Any CPU = Debug|Any CPU
		Release|Any CPU = Release|Any CPU
	EndGlobalSection
	GlobalSection(ProjectConfigurationPlatforms) = postSolution
		{610DB75A-836C-4A95-8058-00A51C299376}.Debug|Any CPU.ActiveCfg = Debug|Any CPU
		{610DB75A-836C-4A95-8058-00A51C299376}.Debug|Any CPU.Build.0 = Debug|Any CPU
		{610DB75A-836C-4A95-8058-00A51C299376}.Release|Any CPU.ActiveCfg = Release|Any CPU
		{610DB75A-836C-4A95-8058-00A51C299376}.Release|Any CPU.Build.0 = Release|Any CPU
	EndGlobalSection
	GlobalSection(SolutionProperties) = preSolution
		HideSolutionNode = FALSE
	EndGlobalSection
	GlobalSection(ExtensibilityGlobals) = postSolution
		SolutionGuid = {AA56762C-DF57-4627-94E4-1AEF7DC4C94B}
	EndGlobalSection
EndGlobal
